
Microsoft Visual Studio Solution File, Format Version 12.00
# Visual Studio Version 17
VisualStudioVersion = 17.7.34202.233
MinimumVisualStudioVersion = 10.0.40219.1
Project("{FAE04EC0-301F-11D3-BF4B-00C04F79EFBC}") = "FirmaDigital", "FirmaDigital\FirmaDigital.csproj", "{6CFDBFFE-C913-4476-9822-039294960680}"
EndProject
Global
	GlobalSection(SolutionConfigurationPlatforms) = preSolution
		Debug|Any CPU = Debug|Any CPU
		Release|Any CPU = Release|Any CPU
	EndGlobalSection
	GlobalSection(ProjectConfigurationPlatforms) = postSolution
		{6CFDBFFE-C913-4476-9822-039294960680}.Debug|Any CPU.ActiveCfg = Debug|Any CPU
		{6CFDBFFE-C913-4476-9822-039294960680}.Debug|Any CPU.Build.0 = Debug|Any CPU
		{6CFDBFFE-C913-4476-9822-039294960680}.Debug|Any CPU.Deploy.0 = Debug|Any CPU
		{6CFDBFFE-C913-4476-9822-039294960680}.Release|Any CPU.ActiveCfg = Release|Any CPU
		{6CFDBFFE-C913-4476-9822-039294960680}.Release|Any CPU.Build.0 = Release|Any CPU
		{6CFDBFFE-C913-4476-9822-039294960680}.Release|Any CPU.Deploy.0 = Release|Any CPU
	EndGlobalSection
	GlobalSection(SolutionProperties) = preSolution
		HideSolutionNode = FALSE
	EndGlobalSection
	GlobalSection(ExtensibilityGlobals) = postSolution
		SolutionGuid = {D2AE973A-AFD6-4FFE-A220-A243754B66F2}
	EndGlobalSection
EndGlobal
